
Microsoft Visual Studio Solution File, Format Version 12.00
# Visual Studio Version 17
VisualStudioVersion = 17.2.32630.192
MinimumVisualStudioVersion = 10.0.40219.1
Project("{FAE04EC0-301F-11D3-BF4B-00C04F79EFBC}") = "TSVPS_lab_3", "TSVPS_lab_3\TSVPS_lab_3.csproj", "{7855BEC7-948E-4D3E-B063-192558EEE637}"
EndProject
Global
	GlobalSection(SolutionConfigurationPlatforms) = preSolution
		Debug|Any CPU = Debug|Any CPU
		Release|Any CPU = Release|Any CPU
	EndGlobalSection
	GlobalSection(ProjectConfigurationPlatforms) = postSolution
		{7855BEC7-948E-4D3E-B063-192558EEE637}.Debug|Any CPU.ActiveCfg = Debug|Any CPU
		{7855BEC7-948E-4D3E-B063-192558EEE637}.Debug|Any CPU.Build.0 = Debug|Any CPU
		{7855BEC7-948E-4D3E-B063-192558EEE637}.Release|Any CPU.ActiveCfg = Release|Any CPU
		{7855BEC7-948E-4D3E-B063-192558EEE637}.Release|Any CPU.Build.0 = Release|Any CPU
	EndGlobalSection
	GlobalSection(SolutionProperties) = preSolution
		HideSolutionNode = FALSE
	EndGlobalSection
	GlobalSection(ExtensibilityGlobals) = postSolution
		SolutionGuid = {F3DCD014-1DE9-473C-90E3-317CB637F5AD}
	EndGlobalSection
EndGlobal
